// !$*UTF8*$!
{
	archiveVersion = 1;
	classes = {
	};
	objectVersion = 56;
	objects = {

/* Begin PBXBuildFile section */
		DB06ACC62C28C30A0031CCF7 /* ThingsToDoApp.swift in Sources */ = {isa = PBXBuildFile; fileRef = DB06ACC52C28C30A0031CCF7 /* ThingsToDoApp.swift */; };
		DB06ACC82C28C30A0031CCF7 /* HomeView.swift in Sources */ = {isa = PBXBuildFile; fileRef = DB06ACC72C28C30A0031CCF7 /* HomeView.swift */; };
		DB06ACCA2C28C30C0031CCF7 /* Assets.xcassets in Resources */ = {isa = PBXBuildFile; fileRef = DB06ACC92C28C30C0031CCF7 /* Assets.xcassets */; };
		DB06ACCD2C28C30C0031CCF7 /* Preview Assets.xcassets in Resources */ = {isa = PBXBuildFile; fileRef = DB06ACCC2C28C30C0031CCF7 /* Preview Assets.xcassets */; };
		DB06ACD72C28C30C0031CCF7 /* Things_To_DoTests.swift in Sources */ = {isa = PBXBuildFile; fileRef = DB06ACD62C28C30C0031CCF7 /* Things_To_DoTests.swift */; };
		DB06ACE12C28C30C0031CCF7 /* Things_To_DoUITests.swift in Sources */ = {isa = PBXBuildFile; fileRef = DB06ACE02C28C30C0031CCF7 /* Things_To_DoUITests.swift */; };
		DB06ACE32C28C30C0031CCF7 /* Things_To_DoUITestsLaunchTests.swift in Sources */ = {isa = PBXBuildFile; fileRef = DB06ACE22C28C30C0031CCF7 /* Things_To_DoUITestsLaunchTests.swift */; };
		DB19D0B32C345FC6003BDFF8 /* UserDefaultsHelper.swift in Sources */ = {isa = PBXBuildFile; fileRef = DB19D0B22C345FC6003BDFF8 /* UserDefaultsHelper.swift */; };
		DB19D0B52C361310003BDFF8 /* AppConstants.swift in Sources */ = {isa = PBXBuildFile; fileRef = DB19D0B42C361310003BDFF8 /* AppConstants.swift */; };
		DB19D0B82C3618E2003BDFF8 /* AddToDoView.swift in Sources */ = {isa = PBXBuildFile; fileRef = DB19D0B72C3618E2003BDFF8 /* AddToDoView.swift */; };
		DB19D0BA2C3618F0003BDFF8 /* AddToDoViewModel.swift in Sources */ = {isa = PBXBuildFile; fileRef = DB19D0B92C3618F0003BDFF8 /* AddToDoViewModel.swift */; };
		DB19D0BC2C361947003BDFF8 /* TabbarView.swift in Sources */ = {isa = PBXBuildFile; fileRef = DB19D0BB2C361947003BDFF8 /* TabbarView.swift */; };
		DB68F8372C2B1FFB000C4B8F /* HomeViewModel.swift in Sources */ = {isa = PBXBuildFile; fileRef = DB68F8362C2B1FFB000C4B8F /* HomeViewModel.swift */; };
		DB68F83A2C2B2028000C4B8F /* ToDoItem.swift in Sources */ = {isa = PBXBuildFile; fileRef = DB68F8392C2B2028000C4B8F /* ToDoItem.swift */; };
		DB6D43D02C4AD14700EC6BE9 /* Router.swift in Sources */ = {isa = PBXBuildFile; fileRef = DB6D43CF2C4AD14700EC6BE9 /* Router.swift */; };
/* End PBXBuildFile section */

/* Begin PBXContainerItemProxy section */
		DB06ACD32C28C30C0031CCF7 /* PBXContainerItemProxy */ = {
			isa = PBXContainerItemProxy;
			containerPortal = DB06ACBA2C28C30A0031CCF7 /* Project object */;
			proxyType = 1;
			remoteGlobalIDString = DB06ACC12C28C30A0031CCF7;
			remoteInfo = "Things To Do";
		};
		DB06ACDD2C28C30C0031CCF7 /* PBXContainerItemProxy */ = {
			isa = PBXContainerItemProxy;
			containerPortal = DB06ACBA2C28C30A0031CCF7 /* Project object */;
			proxyType = 1;
			remoteGlobalIDString = DB06ACC12C28C30A0031CCF7;
			remoteInfo = "Things To Do";
		};
/* End PBXContainerItemProxy section */

/* Begin PBXFileReference section */
		DB06ACC22C28C30A0031CCF7 /* Things To Do.app */ = {isa = PBXFileReference; explicitFileType = wrapper.application; includeInIndex = 0; path = "Things To Do.app"; sourceTree = BUILT_PRODUCTS_DIR; };
		DB06ACC52C28C30A0031CCF7 /* ThingsToDoApp.swift */ = {isa = PBXFileReference; lastKnownFileType = sourcecode.swift; path = ThingsToDoApp.swift; sourceTree = "<group>"; };
		DB06ACC72C28C30A0031CCF7 /* HomeView.swift */ = {isa = PBXFileReference; lastKnownFileType = sourcecode.swift; path = HomeView.swift; sourceTree = "<group>"; };
		DB06ACC92C28C30C0031CCF7 /* Assets.xcassets */ = {isa = PBXFileReference; lastKnownFileType = folder.assetcatalog; path = Assets.xcassets; sourceTree = "<group>"; };
		DB06ACCC2C28C30C0031CCF7 /* Preview Assets.xcassets */ = {isa = PBXFileReference; lastKnownFileType = folder.assetcatalog; path = "Preview Assets.xcassets"; sourceTree = "<group>"; };
		DB06ACD22C28C30C0031CCF7 /* Things To DoTests.xctest */ = {isa = PBXFileReference; explicitFileType = wrapper.cfbundle; includeInIndex = 0; path = "Things To DoTests.xctest"; sourceTree = BUILT_PRODUCTS_DIR; };
		DB06ACD62C28C30C0031CCF7 /* Things_To_DoTests.swift */ = {isa = PBXFileReference; lastKnownFileType = sourcecode.swift; path = Things_To_DoTests.swift; sourceTree = "<group>"; };
		DB06ACDC2C28C30C0031CCF7 /* Things To DoUITests.xctest */ = {isa = PBXFileReference; explicitFileType = wrapper.cfbundle; includeInIndex = 0; path = "Things To DoUITests.xctest"; sourceTree = BUILT_PRODUCTS_DIR; };
		DB06ACE02C28C30C0031CCF7 /* Things_To_DoUITests.swift */ = {isa = PBXFileReference; lastKnownFileType = sourcecode.swift; path = Things_To_DoUITests.swift; sourceTree = "<group>"; };
		DB06ACE22C28C30C0031CCF7 /* Things_To_DoUITestsLaunchTests.swift */ = {isa = PBXFileReference; lastKnownFileType = sourcecode.swift; path = Things_To_DoUITestsLaunchTests.swift; sourceTree = "<group>"; };
		DB19D0B22C345FC6003BDFF8 /* UserDefaultsHelper.swift */ = {isa = PBXFileReference; lastKnownFileType = sourcecode.swift; path = UserDefaultsHelper.swift; sourceTree = "<group>"; };
		DB19D0B42C361310003BDFF8 /* AppConstants.swift */ = {isa = PBXFileReference; lastKnownFileType = sourcecode.swift; path = AppConstants.swift; sourceTree = "<group>"; };
		DB19D0B72C3618E2003BDFF8 /* AddToDoView.swift */ = {isa = PBXFileReference; lastKnownFileType = sourcecode.swift; path = AddToDoView.swift; sourceTree = "<group>"; };
		DB19D0B92C3618F0003BDFF8 /* AddToDoViewModel.swift */ = {isa = PBXFileReference; lastKnownFileType = sourcecode.swift; path = AddToDoViewModel.swift; sourceTree = "<group>"; };
		DB19D0BB2C361947003BDFF8 /* TabbarView.swift */ = {isa = PBXFileReference; lastKnownFileType = sourcecode.swift; path = TabbarView.swift; sourceTree = "<group>"; };
		DB68F8362C2B1FFB000C4B8F /* HomeViewModel.swift */ = {isa = PBXFileReference; lastKnownFileType = sourcecode.swift; path = HomeViewModel.swift; sourceTree = "<group>"; };
		DB68F8392C2B2028000C4B8F /* ToDoItem.swift */ = {isa = PBXFileReference; lastKnownFileType = sourcecode.swift; path = ToDoItem.swift; sourceTree = "<group>"; };
		DB6D43CF2C4AD14700EC6BE9 /* Router.swift */ = {isa = PBXFileReference; lastKnownFileType = sourcecode.swift; path = Router.swift; sourceTree = "<group>"; };
/* End PBXFileReference section */

/* Begin PBXFrameworksBuildPhase section */
		DB06ACBF2C28C30A0031CCF7 /* Frameworks */ = {
			isa = PBXFrameworksBuildPhase;
			buildActionMask = 2147483647;
			files = (
			);
			runOnlyForDeploymentPostprocessing = 0;
		};
		DB06ACCF2C28C30C0031CCF7 /* Frameworks */ = {
			isa = PBXFrameworksBuildPhase;
			buildActionMask = 2147483647;
			files = (
			);
			runOnlyForDeploymentPostprocessing = 0;
		};
		DB06ACD92C28C30C0031CCF7 /* Frameworks */ = {
			isa = PBXFrameworksBuildPhase;
			buildActionMask = 2147483647;
			files = (
			);
			runOnlyForDeploymentPostprocessing = 0;
		};
/* End PBXFrameworksBuildPhase section */

/* Begin PBXGroup section */
		DB06ACB92C28C30A0031CCF7 = {
			isa = PBXGroup;
			children = (
				DB06ACC42C28C30A0031CCF7 /* Things To Do */,
				DB06ACD52C28C30C0031CCF7 /* Things To DoTests */,
				DB06ACDF2C28C30C0031CCF7 /* Things To DoUITests */,
				DB06ACC32C28C30A0031CCF7 /* Products */,
			);
			sourceTree = "<group>";
		};
		DB06ACC32C28C30A0031CCF7 /* Products */ = {
			isa = PBXGroup;
			children = (
				DB06ACC22C28C30A0031CCF7 /* Things To Do.app */,
				DB06ACD22C28C30C0031CCF7 /* Things To DoTests.xctest */,
				DB06ACDC2C28C30C0031CCF7 /* Things To DoUITests.xctest */,
			);
			name = Products;
			sourceTree = "<group>";
		};
		DB06ACC42C28C30A0031CCF7 /* Things To Do */ = {
			isa = PBXGroup;
			children = (
				DB19D0B12C345FB8003BDFF8 /* Utilities */,
				DB6D43CE2C4AD13400EC6BE9 /* Routes */,
				DB68F8382C2B2013000C4B8F /* Models */,
				DB68F8342C2B1EB8000C4B8F /* Scenes */,
				DB06ACC52C28C30A0031CCF7 /* ThingsToDoApp.swift */,
				DB06ACC92C28C30C0031CCF7 /* Assets.xcassets */,
				DB06ACCB2C28C30C0031CCF7 /* Preview Content */,
			);
			path = "Things To Do";
			sourceTree = "<group>";
		};
		DB06ACCB2C28C30C0031CCF7 /* Preview Content */ = {
			isa = PBXGroup;
			children = (
				DB06ACCC2C28C30C0031CCF7 /* Preview Assets.xcassets */,
			);
			path = "Preview Content";
			sourceTree = "<group>";
		};
		DB06ACD52C28C30C0031CCF7 /* Things To DoTests */ = {
			isa = PBXGroup;
			children = (
				DB06ACD62C28C30C0031CCF7 /* Things_To_DoTests.swift */,
			);
			path = "Things To DoTests";
			sourceTree = "<group>";
		};
		DB06ACDF2C28C30C0031CCF7 /* Things To DoUITests */ = {
			isa = PBXGroup;
			children = (
				DB06ACE02C28C30C0031CCF7 /* Things_To_DoUITests.swift */,
				DB06ACE22C28C30C0031CCF7 /* Things_To_DoUITestsLaunchTests.swift */,
			);
			path = "Things To DoUITests";
			sourceTree = "<group>";
		};
		DB19D0B12C345FB8003BDFF8 /* Utilities */ = {
			isa = PBXGroup;
			children = (
				DB19D0B22C345FC6003BDFF8 /* UserDefaultsHelper.swift */,
				DB19D0B42C361310003BDFF8 /* AppConstants.swift */,
			);
			path = Utilities;
			sourceTree = "<group>";
		};
		DB19D0B62C3618AA003BDFF8 /* Add */ = {
			isa = PBXGroup;
			children = (
				DB19D0B72C3618E2003BDFF8 /* AddToDoView.swift */,
				DB19D0B92C3618F0003BDFF8 /* AddToDoViewModel.swift */,
			);
			path = Add;
			sourceTree = "<group>";
		};
		DB68F8342C2B1EB8000C4B8F /* Scenes */ = {
			isa = PBXGroup;
			children = (
				DB68F8352C2B1FE3000C4B8F /* Home */,
				DB19D0B62C3618AA003BDFF8 /* Add */,
			);
			path = Scenes;
			sourceTree = "<group>";
		};
		DB68F8352C2B1FE3000C4B8F /* Home */ = {
			isa = PBXGroup;
			children = (
				DB06ACC72C28C30A0031CCF7 /* HomeView.swift */,
				DB68F8362C2B1FFB000C4B8F /* HomeViewModel.swift */,
				DB19D0BB2C361947003BDFF8 /* TabbarView.swift */,
			);
			path = Home;
			sourceTree = "<group>";
		};
		DB68F8382C2B2013000C4B8F /* Models */ = {
			isa = PBXGroup;
			children = (
				DB68F8392C2B2028000C4B8F /* ToDoItem.swift */,
			);
			path = Models;
			sourceTree = "<group>";
		};
		DB6D43CE2C4AD13400EC6BE9 /* Routes */ = {
			isa = PBXGroup;
			children = (
				DB6D43CF2C4AD14700EC6BE9 /* Router.swift */,
			);
			path = Routes;
			sourceTree = "<group>";
		};
/* End PBXGroup section */

/* Begin PBXNativeTarget section */
		DB06ACC12C28C30A0031CCF7 /* Things To Do */ = {
			isa = PBXNativeTarget;
			buildConfigurationList = DB06ACE62C28C30C0031CCF7 /* Build configuration list for PBXNativeTarget "Things To Do" */;
			buildPhases = (
				DB06ACBE2C28C30A0031CCF7 /* Sources */,
				DB06ACBF2C28C30A0031CCF7 /* Frameworks */,
				DB06ACC02C28C30A0031CCF7 /* Resources */,
			);
			buildRules = (
			);
			dependencies = (
			);
			name = "Things To Do";
			productName = "Things To Do";
			productReference = DB06ACC22C28C30A0031CCF7 /* Things To Do.app */;
			productType = "com.apple.product-type.application";
		};
		DB06ACD12C28C30C0031CCF7 /* Things To DoTests */ = {
			isa = PBXNativeTarget;
			buildConfigurationList = DB06ACE92C28C30C0031CCF7 /* Build configuration list for PBXNativeTarget "Things To DoTests" */;
			buildPhases = (
				DB06ACCE2C28C30C0031CCF7 /* Sources */,
				DB06ACCF2C28C30C0031CCF7 /* Frameworks */,
				DB06ACD02C28C30C0031CCF7 /* Resources */,
			);
			buildRules = (
			);
			dependencies = (
				DB06ACD42C28C30C0031CCF7 /* PBXTargetDependency */,
			);
			name = "Things To DoTests";
			productName = "Things To DoTests";
			productReference = DB06ACD22C28C30C0031CCF7 /* Things To DoTests.xctest */;
			productType = "com.apple.product-type.bundle.unit-test";
		};
		DB06ACDB2C28C30C0031CCF7 /* Things To DoUITests */ = {
			isa = PBXNativeTarget;
			buildConfigurationList = DB06ACEC2C28C30C0031CCF7 /* Build configuration list for PBXNativeTarget "Things To DoUITests" */;
			buildPhases = (
				DB06ACD82C28C30C0031CCF7 /* Sources */,
				DB06ACD92C28C30C0031CCF7 /* Frameworks */,
				DB06ACDA2C28C30C0031CCF7 /* Resources */,
			);
			buildRules = (
			);
			dependencies = (
				DB06ACDE2C28C30C0031CCF7 /* PBXTargetDependency */,
			);
			name = "Things To DoUITests";
			productName = "Things To DoUITests";
			productReference = DB06ACDC2C28C30C0031CCF7 /* Things To DoUITests.xctest */;
			productType = "com.apple.product-type.bundle.ui-testing";
		};
/* End PBXNativeTarget section */

/* Begin PBXProject section */
		DB06ACBA2C28C30A0031CCF7 /* Project object */ = {
			isa = PBXProject;
			attributes = {
				BuildIndependentTargetsInParallel = 1;
				LastSwiftUpdateCheck = 1540;
				LastUpgradeCheck = 1540;
				TargetAttributes = {
					DB06ACC12C28C30A0031CCF7 = {
						CreatedOnToolsVersion = 15.4;
					};
					DB06ACD12C28C30C0031CCF7 = {
						CreatedOnToolsVersion = 15.4;
						TestTargetID = DB06ACC12C28C30A0031CCF7;
					};
					DB06ACDB2C28C30C0031CCF7 = {
						CreatedOnToolsVersion = 15.4;
						TestTargetID = DB06ACC12C28C30A0031CCF7;
					};
				};
			};
			buildConfigurationList = DB06ACBD2C28C30A0031CCF7 /* Build configuration list for PBXProject "Things To Do" */;
			compatibilityVersion = "Xcode 14.0";
			developmentRegion = en;
			hasScannedForEncodings = 0;
			knownRegions = (
				en,
				Base,
			);
			mainGroup = DB06ACB92C28C30A0031CCF7;
			productRefGroup = DB06ACC32C28C30A0031CCF7 /* Products */;
			projectDirPath = "";
			projectRoot = "";
			targets = (
				DB06ACC12C28C30A0031CCF7 /* Things To Do */,
				DB06ACD12C28C30C0031CCF7 /* Things To DoTests */,
				DB06ACDB2C28C30C0031CCF7 /* Things To DoUITests */,
			);
		};
/* End PBXProject section */

/* Begin PBXResourcesBuildPhase section */
		DB06ACC02C28C30A0031CCF7 /* Resources */ = {
			isa = PBXResourcesBuildPhase;
			buildActionMask = 2147483647;
			files = (
				DB06ACCD2C28C30C0031CCF7 /* Preview Assets.xcassets in Resources */,
				DB06ACCA2C28C30C0031CCF7 /* Assets.xcassets in Resources */,
			);
			runOnlyForDeploymentPostprocessing = 0;
		};
		DB06ACD02C28C30C0031CCF7 /* Resources */ = {
			isa = PBXResourcesBuildPhase;
			buildActionMask = 2147483647;
			files = (
			);
			runOnlyForDeploymentPostprocessing = 0;
		};
		DB06ACDA2C28C30C0031CCF7 /* Resources */ = {
			isa = PBXResourcesBuildPhase;
			buildActionMask = 2147483647;
			files = (
			);
			runOnlyForDeploymentPostprocessing = 0;
		};
/* End PBXResourcesBuildPhase section */

/* Begin PBXSourcesBuildPhase section */
		DB06ACBE2C28C30A0031CCF7 /* Sources */ = {
			isa = PBXSourcesBuildPhase;
			buildActionMask = 2147483647;
			files = (
				DB19D0B32C345FC6003BDFF8 /* UserDefaultsHelper.swift in Sources */,
				DB19D0B52C361310003BDFF8 /* AppConstants.swift in Sources */,
				DB6D43D02C4AD14700EC6BE9 /* Router.swift in Sources */,
				DB06ACC82C28C30A0031CCF7 /* HomeView.swift in Sources */,
				DB19D0B82C3618E2003BDFF8 /* AddToDoView.swift in Sources */,
				DB19D0BC2C361947003BDFF8 /* TabbarView.swift in Sources */,
				DB68F8372C2B1FFB000C4B8F /* HomeViewModel.swift in Sources */,
				DB68F83A2C2B2028000C4B8F /* ToDoItem.swift in Sources */,
				DB19D0BA2C3618F0003BDFF8 /* AddToDoViewModel.swift in Sources */,
				DB06ACC62C28C30A0031CCF7 /* ThingsToDoApp.swift in Sources */,
			);
			runOnlyForDeploymentPostprocessing = 0;
		};
		DB06ACCE2C28C30C0031CCF7 /* Sources */ = {
			isa = PBXSourcesBuildPhase;
			buildActionMask = 2147483647;
			files = (
				DB06ACD72C28C30C0031CCF7 /* Things_To_DoTests.swift in Sources */,
			);
			runOnlyForDeploymentPostprocessing = 0;
		};
		DB06ACD82C28C30C0031CCF7 /* Sources */ = {
			isa = PBXSourcesBuildPhase;
			buildActionMask = 2147483647;
			files = (
				DB06ACE12C28C30C0031CCF7 /* Things_To_DoUITests.swift in Sources */,
				DB06ACE32C28C30C0031CCF7 /* Things_To_DoUITestsLaunchTests.swift in Sources */,
			);
			runOnlyForDeploymentPostprocessing = 0;
		};
/* End PBXSourcesBuildPhase section */

/* Begin PBXTargetDependency section */
		DB06ACD42C28C30C0031CCF7 /* PBXTargetDependency */ = {
			isa = PBXTargetDependency;
			target = DB06ACC12C28C30A0031CCF7 /* Things To Do */;
			targetProxy = DB06ACD32C28C30C0031CCF7 /* PBXContainerItemProxy */;
		};
		DB06ACDE2C28C30C0031CCF7 /* PBXTargetDependency */ = {
			isa = PBXTargetDependency;
			target = DB06ACC12C28C30A0031CCF7 /* Things To Do */;
			targetProxy = DB06ACDD2C28C30C0031CCF7 /* PBXContainerItemProxy */;
		};
/* End PBXTargetDependency section */

/* Begin XCBuildConfiguration section */
		DB06ACE42C28C30C0031CCF7 /* Debug */ = {
			isa = XCBuildConfiguration;
			buildSettings = {
				ALWAYS_SEARCH_USER_PATHS = NO;
				ASSETCATALOG_COMPILER_GENERATE_SWIFT_ASSET_SYMBOL_EXTENSIONS = YES;
				CLANG_ANALYZER_NONNULL = YES;
				CLANG_ANALYZER_NUMBER_OBJECT_CONVERSION = YES_AGGRESSIVE;
				CLANG_CXX_LANGUAGE_STANDARD = "gnu++20";
				CLANG_ENABLE_MODULES = YES;
				CLANG_ENABLE_OBJC_ARC = YES;
				CLANG_ENABLE_OBJC_WEAK = YES;
				CLANG_WARN_BLOCK_CAPTURE_AUTORELEASING = YES;
				CLANG_WARN_BOOL_CONVERSION = YES;
				CLANG_WARN_COMMA = YES;
				CLANG_WARN_CONSTANT_CONVERSION = YES;
				CLANG_WARN_DEPRECATED_OBJC_IMPLEMENTATIONS = YES;
				CLANG_WARN_DIRECT_OBJC_ISA_USAGE = YES_ERROR;
				CLANG_WARN_DOCUMENTATION_COMMENTS = YES;
				CLANG_WARN_EMPTY_BODY = YES;
				CLANG_WARN_ENUM_CONVERSION = YES;
				CLANG_WARN_INFINITE_RECURSION = YES;
				CLANG_WARN_INT_CONVERSION = YES;
				CLANG_WARN_NON_LITERAL_NULL_CONVERSION = YES;
				CLANG_WARN_OBJC_IMPLICIT_RETAIN_SELF = YES;
				CLANG_WARN_OBJC_LITERAL_CONVERSION = YES;
				CLANG_WARN_OBJC_ROOT_CLASS = YES_ERROR;
				CLANG_WARN_QUOTED_INCLUDE_IN_FRAMEWORK_HEADER = YES;
				CLANG_WARN_RANGE_LOOP_ANALYSIS = YES;
				CLANG_WARN_STRICT_PROTOTYPES = YES;
				CLANG_WARN_SUSPICIOUS_MOVE = YES;
				CLANG_WARN_UNGUARDED_AVAILABILITY = YES_AGGRESSIVE;
				CLANG_WARN_UNREACHABLE_CODE = YES;
				CLANG_WARN__DUPLICATE_METHOD_MATCH = YES;
				COPY_PHASE_STRIP = NO;
				DEBUG_INFORMATION_FORMAT = dwarf;
				ENABLE_STRICT_OBJC_MSGSEND = YES;
				ENABLE_TESTABILITY = YES;
				ENABLE_USER_SCRIPT_SANDBOXING = YES;
				GCC_C_LANGUAGE_STANDARD = gnu17;
				GCC_DYNAMIC_NO_PIC = NO;
				GCC_NO_COMMON_BLOCKS = YES;
				GCC_OPTIMIZATION_LEVEL = 0;
				GCC_PREPROCESSOR_DEFINITIONS = (
					"DEBUG=1",
					"$(inherited)",
				);
				GCC_WARN_64_TO_32_BIT_CONVERSION = YES;
				GCC_WARN_ABOUT_RETURN_TYPE = YES_ERROR;
				GCC_WARN_UNDECLARED_SELECTOR = YES;
				GCC_WARN_UNINITIALIZED_AUTOS = YES_AGGRESSIVE;
				GCC_WARN_UNUSED_FUNCTION = YES;
				GCC_WARN_UNUSED_VARIABLE = YES;
				IPHONEOS_DEPLOYMENT_TARGET = 17.5;
				LOCALIZATION_PREFERS_STRING_CATALOGS = YES;
				MTL_ENABLE_DEBUG_INFO = INCLUDE_SOURCE;
				MTL_FAST_MATH = YES;
				ONLY_ACTIVE_ARCH = YES;
				SDKROOT = iphoneos;
				SWIFT_ACTIVE_COMPILATION_CONDITIONS = "DEBUG $(inherited)";
				SWIFT_OPTIMIZATION_LEVEL = "-Onone";
			};
			name = Debug;
		};
		DB06ACE52C28C30C0031CCF7 /* Release */ = {
			isa = XCBuildConfiguration;
			buildSettings = {
				ALWAYS_SEARCH_USER_PATHS = NO;
				ASSETCATALOG_COMPILER_GENERATE_SWIFT_ASSET_SYMBOL_EXTENSIONS = YES;
				CLANG_ANALYZER_NONNULL = YES;
				CLANG_ANALYZER_NUMBER_OBJECT_CONVERSION = YES_AGGRESSIVE;
				CLANG_CXX_LANGUAGE_STANDARD = "gnu++20";
				CLANG_ENABLE_MODULES = YES;
				CLANG_ENABLE_OBJC_ARC = YES;
				CLANG_ENABLE_OBJC_WEAK = YES;
				CLANG_WARN_BLOCK_CAPTURE_AUTORELEASING = YES;
				CLANG_WARN_BOOL_CONVERSION = YES;
				CLANG_WARN_COMMA = YES;
				CLANG_WARN_CONSTANT_CONVERSION = YES;
				CLANG_WARN_DEPRECATED_OBJC_IMPLEMENTATIONS = YES;
				CLANG_WARN_DIRECT_OBJC_ISA_USAGE = YES_ERROR;
				CLANG_WARN_DOCUMENTATION_COMMENTS = YES;
				CLANG_WARN_EMPTY_BODY = YES;
				CLANG_WARN_ENUM_CONVERSION = YES;
				CLANG_WARN_INFINITE_RECURSION = YES;
				CLANG_WARN_INT_CONVERSION = YES;
				CLANG_WARN_NON_LITERAL_NULL_CONVERSION = YES;
				CLANG_WARN_OBJC_IMPLICIT_RETAIN_SELF = YES;
				CLANG_WARN_OBJC_LITERAL_CONVERSION = YES;
				CLANG_WARN_OBJC_ROOT_CLASS = YES_ERROR;
				CLANG_WARN_QUOTED_INCLUDE_IN_FRAMEWORK_HEADER = YES;
				CLANG_WARN_RANGE_LOOP_ANALYSIS = YES;
				CLANG_WARN_STRICT_PROTOTYPES = YES;
				CLANG_WARN_SUSPICIOUS_MOVE = YES;
				CLANG_WARN_UNGUARDED_AVAILABILITY = YES_AGGRESSIVE;
				CLANG_WARN_UNREACHABLE_CODE = YES;
				CLANG_WARN__DUPLICATE_METHOD_MATCH = YES;
				COPY_PHASE_STRIP = NO;
				DEBUG_INFORMATION_FORMAT = "dwarf-with-dsym";
				ENABLE_NS_ASSERTIONS = NO;
				ENABLE_STRICT_OBJC_MSGSEND = YES;
				ENABLE_USER_SCRIPT_SANDBOXING = YES;
				GCC_C_LANGUAGE_STANDARD = gnu17;
				GCC_NO_COMMON_BLOCKS = YES;
				GCC_WARN_64_TO_32_BIT_CONVERSION = YES;
				GCC_WARN_ABOUT_RETURN_TYPE = YES_ERROR;
				GCC_WARN_UNDECLARED_SELECTOR = YES;
				GCC_WARN_UNINITIALIZED_AUTOS = YES_AGGRESSIVE;
				GCC_WARN_UNUSED_FUNCTION = YES;
				GCC_WARN_UNUSED_VARIABLE = YES;
				IPHONEOS_DEPLOYMENT_TARGET = 17.5;
				LOCALIZATION_PREFERS_STRING_CATALOGS = YES;
				MTL_ENABLE_DEBUG_INFO = NO;
				MTL_FAST_MATH = YES;
				SDKROOT = iphoneos;
				SWIFT_COMPILATION_MODE = wholemodule;
				VALIDATE_PRODUCT = YES;
			};
			name = Release;
		};
		DB06ACE72C28C30C0031CCF7 /* Debug */ = {
			isa = XCBuildConfiguration;
			buildSettings = {
				ASSETCATALOG_COMPILER_APPICON_NAME = AppIcon;
				ASSETCATALOG_COMPILER_GLOBAL_ACCENT_COLOR_NAME = AccentColor;
				CODE_SIGN_STYLE = Automatic;
				CURRENT_PROJECT_VERSION = 1;
				DEVELOPMENT_ASSET_PATHS = "\"Things To Do/Preview Content\"";
				DEVELOPMENT_TEAM = K38SVXTSAA;
				ENABLE_PREVIEWS = YES;
				GENERATE_INFOPLIST_FILE = YES;
				INFOPLIST_KEY_UIApplicationSceneManifest_Generation = YES;
				INFOPLIST_KEY_UIApplicationSupportsIndirectInputEvents = YES;
				INFOPLIST_KEY_UILaunchScreen_Generation = YES;
				INFOPLIST_KEY_UISupportedInterfaceOrientations_iPad = "UIInterfaceOrientationPortrait UIInterfaceOrientationPortraitUpsideDown UIInterfaceOrientationLandscapeLeft UIInterfaceOrientationLandscapeRight";
				INFOPLIST_KEY_UISupportedInterfaceOrientations_iPhone = "UIInterfaceOrientationPortrait UIInterfaceOrientationLandscapeLeft UIInterfaceOrientationLandscapeRight";
				LD_RUNPATH_SEARCH_PATHS = (
					"$(inherited)",
					"@executable_path/Frameworks",
				);
				MARKETING_VERSION = 1.0;
				PRODUCT_BUNDLE_IDENTIFIER = "com.feyyazonur.Things-To-Do";
				PRODUCT_NAME = "$(TARGET_NAME)";
				SWIFT_EMIT_LOC_STRINGS = YES;
				SWIFT_VERSION = 5.0;
				TARGETED_DEVICE_FAMILY = "1,2";
			};
			name = Debug;
		};
		DB06ACE82C28C30C0031CCF7 /* Release */ = {
			isa = XCBuildConfiguration;
			buildSettings = {
				ASSETCATALOG_COMPILER_APPICON_NAME = AppIcon;
				ASSETCATALOG_COMPILER_GLOBAL_ACCENT_COLOR_NAME = AccentColor;
				CODE_SIGN_STYLE = Automatic;
				CURRENT_PROJECT_VERSION = 1;
				DEVELOPMENT_ASSET_PATHS = "\"Things To Do/Preview Content\"";
				DEVELOPMENT_TEAM = K38SVXTSAA;
				ENABLE_PREVIEWS = YES;
				GENERATE_INFOPLIST_FILE = YES;
				INFOPLIST_KEY_UIApplicationSceneManifest_Generation = YES;
				INFOPLIST_KEY_UIApplicationSupportsIndirectInputEvents = YES;
				INFOPLIST_KEY_UILaunchScreen_Generation = YES;
				INFOPLIST_KEY_UISupportedInterfaceOrientations_iPad = "UIInterfaceOrientationPortrait UIInterfaceOrientationPortraitUpsideDown UIInterfaceOrientationLandscapeLeft UIInterfaceOrientationLandscapeRight";
				INFOPLIST_KEY_UISupportedInterfaceOrientations_iPhone = "UIInterfaceOrientationPortrait UIInterfaceOrientationLandscapeLeft UIInterfaceOrientationLandscapeRight";
				LD_RUNPATH_SEARCH_PATHS = (
					"$(inherited)",
					"@executable_path/Frameworks",
				);
				MARKETING_VERSION = 1.0;
				PRODUCT_BUNDLE_IDENTIFIER = "com.feyyazonur.Things-To-Do";
				PRODUCT_NAME = "$(TARGET_NAME)";
				SWIFT_EMIT_LOC_STRINGS = YES;
				SWIFT_VERSION = 5.0;
				TARGETED_DEVICE_FAMILY = "1,2";
			};
			name = Release;
		};
		DB06ACEA2C28C30C0031CCF7 /* Debug */ = {
			isa = XCBuildConfiguration;
			buildSettings = {
				ALWAYS_EMBED_SWIFT_STANDARD_LIBRARIES = YES;
				BUNDLE_LOADER = "$(TEST_HOST)";
				CODE_SIGN_STYLE = Automatic;
				CURRENT_PROJECT_VERSION = 1;
				DEVELOPMENT_TEAM = K38SVXTSAA;
				GENERATE_INFOPLIST_FILE = YES;
				IPHONEOS_DEPLOYMENT_TARGET = 17.5;
				MARKETING_VERSION = 1.0;
				PRODUCT_BUNDLE_IDENTIFIER = "com.feyyazonur.Things-To-DoTests";
				PRODUCT_NAME = "$(TARGET_NAME)";
				SWIFT_EMIT_LOC_STRINGS = NO;
				SWIFT_VERSION = 5.0;
				TARGETED_DEVICE_FAMILY = "1,2";
				TEST_HOST = "$(BUILT_PRODUCTS_DIR)/Things To Do.app/$(BUNDLE_EXECUTABLE_FOLDER_PATH)/Things To Do";
			};
			name = Debug;
		};
		DB06ACEB2C28C30C0031CCF7 /* Release */ = {
			isa = XCBuildConfiguration;
			buildSettings = {
				ALWAYS_EMBED_SWIFT_STANDARD_LIBRARIES = YES;
				BUNDLE_LOADER = "$(TEST_HOST)";
				CODE_SIGN_STYLE = Automatic;
				CURRENT_PROJECT_VERSION = 1;
				DEVELOPMENT_TEAM = K38SVXTSAA;
				GENERATE_INFOPLIST_FILE = YES;
				IPHONEOS_DEPLOYMENT_TARGET = 17.5;
				MARKETING_VERSION = 1.0;
				PRODUCT_BUNDLE_IDENTIFIER = "com.feyyazonur.Things-To-DoTests";
				PRODUCT_NAME = "$(TARGET_NAME)";
				SWIFT_EMIT_LOC_STRINGS = NO;
				SWIFT_VERSION = 5.0;
				TARGETED_DEVICE_FAMILY = "1,2";
				TEST_HOST = "$(BUILT_PRODUCTS_DIR)/Things To Do.app/$(BUNDLE_EXECUTABLE_FOLDER_PATH)/Things To Do";
			};
			name = Release;
		};
		DB06ACED2C28C30C0031CCF7 /* Debug */ = {
			isa = XCBuildConfiguration;
			buildSettings = {
				ALWAYS_EMBED_SWIFT_STANDARD_LIBRARIES = YES;
				CODE_SIGN_STYLE = Automatic;
				CURRENT_PROJECT_VERSION = 1;
				DEVELOPMENT_TEAM = K38SVXTSAA;
				GENERATE_INFOPLIST_FILE = YES;
				MARKETING_VERSION = 1.0;
				PRODUCT_BUNDLE_IDENTIFIER = "com.feyyazonur.Things-To-DoUITests";
				PRODUCT_NAME = "$(TARGET_NAME)";
				SWIFT_EMIT_LOC_STRINGS = NO;
				SWIFT_VERSION = 5.0;
				TARGETED_DEVICE_FAMILY = "1,2";
				TEST_TARGET_NAME = "Things To Do";
			};
			name = Debug;
		};
		DB06ACEE2C28C30C0031CCF7 /* Release */ = {
			isa = XCBuildConfiguration;
			buildSettings = {
				ALWAYS_EMBED_SWIFT_STANDARD_LIBRARIES = YES;
				CODE_SIGN_STYLE = Automatic;
				CURRENT_PROJECT_VERSION = 1;
				DEVELOPMENT_TEAM = K38SVXTSAA;
				GENERATE_INFOPLIST_FILE = YES;
				MARKETING_VERSION = 1.0;
				PRODUCT_BUNDLE_IDENTIFIER = "com.feyyazonur.Things-To-DoUITests";
				PRODUCT_NAME = "$(TARGET_NAME)";
				SWIFT_EMIT_LOC_STRINGS = NO;
				SWIFT_VERSION = 5.0;
				TARGETED_DEVICE_FAMILY = "1,2";
				TEST_TARGET_NAME = "Things To Do";
			};
			name = Release;
		};
/* End XCBuildConfiguration section */

/* Begin XCConfigurationList section */
		DB06ACBD2C28C30A0031CCF7 /* Build configuration list for PBXProject "Things To Do" */ = {
			isa = XCConfigurationList;
			buildConfigurations = (
				DB06ACE42C28C30C0031CCF7 /* Debug */,
				DB06ACE52C28C30C0031CCF7 /* Release */,
			);
			defaultConfigurationIsVisible = 0;
			defaultConfigurationName = Release;
		};
		DB06ACE62C28C30C0031CCF7 /* Build configuration list for PBXNativeTarget "Things To Do" */ = {
			isa = XCConfigurationList;
			buildConfigurations = (
				DB06ACE72C28C30C0031CCF7 /* Debug */,
				DB06ACE82C28C30C0031CCF7 /* Release */,
			);
			defaultConfigurationIsVisible = 0;
			defaultConfigurationName = Release;
		};
		DB06ACE92C28C30C0031CCF7 /* Build configuration list for PBXNativeTarget "Things To DoTests" */ = {
			isa = XCConfigurationList;
			buildConfigurations = (
				DB06ACEA2C28C30C0031CCF7 /* Debug */,
				DB06ACEB2C28C30C0031CCF7 /* Release */,
			);
			defaultConfigurationIsVisible = 0;
			defaultConfigurationName = Release;
		};
		DB06ACEC2C28C30C0031CCF7 /* Build configuration list for PBXNativeTarget "Things To DoUITests" */ = {
			isa = XCConfigurationList;
			buildConfigurations = (
				DB06ACED2C28C30C0031CCF7 /* Debug */,
				DB06ACEE2C28C30C0031CCF7 /* Release */,
			);
			defaultConfigurationIsVisible = 0;
			defaultConfigurationName = Release;
		};
/* End XCConfigurationList section */
	};
	rootObject = DB06ACBA2C28C30A0031CCF7 /* Project object */;
}
